
Microsoft Visual Studio Solution File, Format Version 12.00
# Visual Studio Version 17
VisualStudioVersion = 17.9.34622.214
MinimumVisualStudioVersion = 10.0.40219.1
Project("{FAE04EC0-301F-11D3-BF4B-00C04F79EFBC}") = "LIbrary Management", "LIbrary Management\LIbrary Management.csproj", "{BEAF9EAB-B954-45FB-93B7-4DFDB7B3CCAC}"
EndProject
Global
	GlobalSection(SolutionConfigurationPlatforms) = preSolution
		Debug|Any CPU = Debug|Any CPU
		Release|Any CPU = Release|Any CPU
	EndGlobalSection
	GlobalSection(ProjectConfigurationPlatforms) = postSolution
		{BEAF9EAB-B954-45FB-93B7-4DFDB7B3CCAC}.Debug|Any CPU.ActiveCfg = Debug|Any CPU
		{BEAF9EAB-B954-45FB-93B7-4DFDB7B3CCAC}.Debug|Any CPU.Build.0 = Debug|Any CPU
		{BEAF9EAB-B954-45FB-93B7-4DFDB7B3CCAC}.Release|Any CPU.ActiveCfg = Release|Any CPU
		{BEAF9EAB-B954-45FB-93B7-4DFDB7B3CCAC}.Release|Any CPU.Build.0 = Release|Any CPU
	EndGlobalSection
	GlobalSection(SolutionProperties) = preSolution
		HideSolutionNode = FALSE
	EndGlobalSection
	GlobalSection(ExtensibilityGlobals) = postSolution
		SolutionGuid = {1E5229EE-DD93-485D-BABD-FEE6B97C307D}
	EndGlobalSection
EndGlobal
