
Microsoft Visual Studio Solution File, Format Version 12.00
# Visual Studio Version 17
VisualStudioVersion = 17.9.34622.214
MinimumVisualStudioVersion = 10.0.40219.1
Project("{FAE04EC0-301F-11D3-BF4B-00C04F79EFBC}") = "LTNet Lab01 - 2", "LTNet Lab01 - 2\LTNet Lab01 - 2.csproj", "{D30F53BF-BF5A-4950-89AC-0AB27E07038A}"
EndProject
Global
	GlobalSection(SolutionConfigurationPlatforms) = preSolution
		Debug|Any CPU = Debug|Any CPU
		Release|Any CPU = Release|Any CPU
	EndGlobalSection
	GlobalSection(ProjectConfigurationPlatforms) = postSolution
		{D30F53BF-BF5A-4950-89AC-0AB27E07038A}.Debug|Any CPU.ActiveCfg = Debug|Any CPU
		{D30F53BF-BF5A-4950-89AC-0AB27E07038A}.Debug|Any CPU.Build.0 = Debug|Any CPU
		{D30F53BF-BF5A-4950-89AC-0AB27E07038A}.Release|Any CPU.ActiveCfg = Release|Any CPU
		{D30F53BF-BF5A-4950-89AC-0AB27E07038A}.Release|Any CPU.Build.0 = Release|Any CPU
	EndGlobalSection
	GlobalSection(SolutionProperties) = preSolution
		HideSolutionNode = FALSE
	EndGlobalSection
	GlobalSection(ExtensibilityGlobals) = postSolution
		SolutionGuid = {0340E362-B246-454F-89A3-B0D9893DF555}
	EndGlobalSection
EndGlobal
