
Microsoft Visual Studio Solution File, Format Version 12.00
# Visual Studio Version 17
VisualStudioVersion = 17.9.34622.214
MinimumVisualStudioVersion = 10.0.40219.1
Project("{FAE04EC0-301F-11D3-BF4B-00C04F79EFBC}") = "StudentListManagement", "StudentListManagement\StudentListManagement.csproj", "{FA92A21E-3A9B-4762-974B-DF99A9368B05}"
EndProject
Global
	GlobalSection(SolutionConfigurationPlatforms) = preSolution
		Debug|Any CPU = Debug|Any CPU
		Release|Any CPU = Release|Any CPU
	EndGlobalSection
	GlobalSection(ProjectConfigurationPlatforms) = postSolution
		{FA92A21E-3A9B-4762-974B-DF99A9368B05}.Debug|Any CPU.ActiveCfg = Debug|Any CPU
		{FA92A21E-3A9B-4762-974B-DF99A9368B05}.Debug|Any CPU.Build.0 = Debug|Any CPU
		{FA92A21E-3A9B-4762-974B-DF99A9368B05}.Release|Any CPU.ActiveCfg = Release|Any CPU
		{FA92A21E-3A9B-4762-974B-DF99A9368B05}.Release|Any CPU.Build.0 = Release|Any CPU
	EndGlobalSection
	GlobalSection(SolutionProperties) = preSolution
		HideSolutionNode = FALSE
	EndGlobalSection
	GlobalSection(ExtensibilityGlobals) = postSolution
		SolutionGuid = {BA2F35B0-ADE2-44C5-96CC-766A2510E34D}
	EndGlobalSection
EndGlobal
